
Microsoft Visual Studio Solution File, Format Version 12.00
# Visual Studio 15
VisualStudioVersion = 15.0.27130.2024
MinimumVisualStudioVersion = 10.0.40219.1
Project("{FAE04EC0-301F-11D3-BF4B-00C04F79EFBC}") = "OMNI", "OMNI\OMNI.csproj", "{74EEFAE3-53A3-41C2-B0FD-B4AC60DF5D3C}"
EndProject
Project("{FAE04EC0-301F-11D3-BF4B-00C04F79EFBC}") = "OMNIforOutlook", "OMNIforOutlook\OMNIforOutlook.csproj", "{1F8CC74E-B5E6-47CE-B534-4B15178412C5}"
EndProject
Global
	GlobalSection(SolutionConfigurationPlatforms) = preSolution
		Debug|Any CPU = Debug|Any CPU
		Debug|x86 = Debug|x86
		Release|Any CPU = Release|Any CPU
		Release|x86 = Release|x86
	EndGlobalSection
	GlobalSection(ProjectConfigurationPlatforms) = postSolution
		{74EEFAE3-53A3-41C2-B0FD-B4AC60DF5D3C}.Debug|Any CPU.ActiveCfg = Debug|Any CPU
		{74EEFAE3-53A3-41C2-B0FD-B4AC60DF5D3C}.Debug|Any CPU.Build.0 = Debug|Any CPU
		{74EEFAE3-53A3-41C2-B0FD-B4AC60DF5D3C}.Debug|x86.ActiveCfg = Debug|Any CPU
		{74EEFAE3-53A3-41C2-B0FD-B4AC60DF5D3C}.Debug|x86.Build.0 = Debug|Any CPU
		{74EEFAE3-53A3-41C2-B0FD-B4AC60DF5D3C}.Release|Any CPU.ActiveCfg = Release|Any CPU
		{74EEFAE3-53A3-41C2-B0FD-B4AC60DF5D3C}.Release|Any CPU.Build.0 = Release|Any CPU
		{74EEFAE3-53A3-41C2-B0FD-B4AC60DF5D3C}.Release|Any CPU.Deploy.0 = Release|Any CPU
		{74EEFAE3-53A3-41C2-B0FD-B4AC60DF5D3C}.Release|x86.ActiveCfg = Release|Any CPU
		{74EEFAE3-53A3-41C2-B0FD-B4AC60DF5D3C}.Release|x86.Build.0 = Release|Any CPU
		{74EEFAE3-53A3-41C2-B0FD-B4AC60DF5D3C}.Release|x86.Deploy.0 = Release|Any CPU
		{1F8CC74E-B5E6-47CE-B534-4B15178412C5}.Debug|Any CPU.ActiveCfg = Debug|Any CPU
		{1F8CC74E-B5E6-47CE-B534-4B15178412C5}.Debug|Any CPU.Build.0 = Debug|Any CPU
		{1F8CC74E-B5E6-47CE-B534-4B15178412C5}.Debug|x86.ActiveCfg = Debug|Any CPU
		{1F8CC74E-B5E6-47CE-B534-4B15178412C5}.Debug|x86.Build.0 = Debug|Any CPU
		{1F8CC74E-B5E6-47CE-B534-4B15178412C5}.Release|Any CPU.ActiveCfg = Release|Any CPU
		{1F8CC74E-B5E6-47CE-B534-4B15178412C5}.Release|Any CPU.Build.0 = Release|Any CPU
		{1F8CC74E-B5E6-47CE-B534-4B15178412C5}.Release|x86.ActiveCfg = Release|Any CPU
		{1F8CC74E-B5E6-47CE-B534-4B15178412C5}.Release|x86.Build.0 = Release|Any CPU
	EndGlobalSection
	GlobalSection(SolutionProperties) = preSolution
		HideSolutionNode = FALSE
	EndGlobalSection
	GlobalSection(ExtensibilityGlobals) = postSolution
		SolutionGuid = {C7ACD929-E6B4-46F0-A9CC-A883FEBDFB65}
	EndGlobalSection
EndGlobal
